
Microsoft Visual Studio Solution File, Format Version 12.00
# Visual Studio Version 16
VisualStudioVersion = 16.0.31402.337
MinimumVisualStudioVersion = 10.0.40219.1
Project("{9A19103F-16F7-4668-BE54-9A1E7A4F7556}") = "gerenciamento-aniversario", "gerenciamento-aniversario-tp3\gerenciamento-aniversario.csproj", "{ED4E387B-2D1C-4CDC-BCA6-163EEB6A825D}"
EndProject
Project("{9A19103F-16F7-4668-BE54-9A1E7A4F7556}") = "gerenciamento-aniversario.domain", "gerenciamento-aniversario-tp3.domain\gerenciamento-aniversario.domain.csproj", "{96437710-C917-492C-989F-88CCDEC84C79}"
EndProject
Project("{9A19103F-16F7-4668-BE54-9A1E7A4F7556}") = "gerenciamento-aniversario.repository", "gerenciamento-aniversario-tp3.repository\gerenciamento-aniversario.repository.csproj", "{750667FF-8DFD-4F01-AFB4-CCFD1677C72A}"
EndProject
Global
	GlobalSection(SolutionConfigurationPlatforms) = preSolution
		Debug|Any CPU = Debug|Any CPU
		Release|Any CPU = Release|Any CPU
	EndGlobalSection
	GlobalSection(ProjectConfigurationPlatforms) = postSolution
		{ED4E387B-2D1C-4CDC-BCA6-163EEB6A825D}.Debug|Any CPU.ActiveCfg = Debug|Any CPU
		{ED4E387B-2D1C-4CDC-BCA6-163EEB6A825D}.Debug|Any CPU.Build.0 = Debug|Any CPU
		{ED4E387B-2D1C-4CDC-BCA6-163EEB6A825D}.Release|Any CPU.ActiveCfg = Release|Any CPU
		{ED4E387B-2D1C-4CDC-BCA6-163EEB6A825D}.Release|Any CPU.Build.0 = Release|Any CPU
		{96437710-C917-492C-989F-88CCDEC84C79}.Debug|Any CPU.ActiveCfg = Debug|Any CPU
		{96437710-C917-492C-989F-88CCDEC84C79}.Debug|Any CPU.Build.0 = Debug|Any CPU
		{96437710-C917-492C-989F-88CCDEC84C79}.Release|Any CPU.ActiveCfg = Release|Any CPU
		{96437710-C917-492C-989F-88CCDEC84C79}.Release|Any CPU.Build.0 = Release|Any CPU
		{750667FF-8DFD-4F01-AFB4-CCFD1677C72A}.Debug|Any CPU.ActiveCfg = Debug|Any CPU
		{750667FF-8DFD-4F01-AFB4-CCFD1677C72A}.Debug|Any CPU.Build.0 = Debug|Any CPU
		{750667FF-8DFD-4F01-AFB4-CCFD1677C72A}.Release|Any CPU.ActiveCfg = Release|Any CPU
		{750667FF-8DFD-4F01-AFB4-CCFD1677C72A}.Release|Any CPU.Build.0 = Release|Any CPU
	EndGlobalSection
	GlobalSection(SolutionProperties) = preSolution
		HideSolutionNode = FALSE
	EndGlobalSection
	GlobalSection(ExtensibilityGlobals) = postSolution
		SolutionGuid = {B754F6AD-DFBC-4D7A-8363-DF398E9DF284}
	EndGlobalSection
EndGlobal
